// !$*UTF8*$!
{
	archiveVersion = 1;
	classes = {
	};
	objectVersion = 50;
	objects = {

/* Begin PBXBuildFile section */
		C1024E6A2565F94A009620C3 /* buffaApp.swift in Sources */ = {isa = PBXBuildFile; fileRef = C1024E692565F94A009620C3 /* buffaApp.swift */; };
		C1024E6C2565F94A009620C3 /* ContentView.swift in Sources */ = {isa = PBXBuildFile; fileRef = C1024E6B2565F94A009620C3 /* ContentView.swift */; };
		C1024E6E2565F94C009620C3 /* Assets.xcassets in Resources */ = {isa = PBXBuildFile; fileRef = C1024E6D2565F94C009620C3 /* Assets.xcassets */; };
		C1024E712565F94C009620C3 /* Preview Assets.xcassets in Resources */ = {isa = PBXBuildFile; fileRef = C1024E702565F94C009620C3 /* Preview Assets.xcassets */; };
		C1024E7C2565F94D009620C3 /* buffaTests.swift in Sources */ = {isa = PBXBuildFile; fileRef = C1024E7B2565F94D009620C3 /* buffaTests.swift */; };
		C1024E872565F94D009620C3 /* buffaUITests.swift in Sources */ = {isa = PBXBuildFile; fileRef = C1024E862565F94D009620C3 /* buffaUITests.swift */; };
		C1024E982565FA98009620C3 /* Login.swift in Sources */ = {isa = PBXBuildFile; fileRef = C1024E972565FA98009620C3 /* Login.swift */; };
		C1024EA52565FDA6009620C3 /* Btn.swift in Sources */ = {isa = PBXBuildFile; fileRef = C1024EA42565FDA6009620C3 /* Btn.swift */; };
		C1024EAD256602EB009620C3 /* TextBox.swift in Sources */ = {isa = PBXBuildFile; fileRef = C1024EAC256602EB009620C3 /* TextBox.swift */; };
		C197FC582567514500738DA2 /* Command.swift in Sources */ = {isa = PBXBuildFile; fileRef = C197FC572567514500738DA2 /* Command.swift */; };
/* End PBXBuildFile section */

/* Begin PBXContainerItemProxy section */
		C1024E782565F94D009620C3 /* PBXContainerItemProxy */ = {
			isa = PBXContainerItemProxy;
			containerPortal = C1024E5E2565F94A009620C3 /* Project object */;
			proxyType = 1;
			remoteGlobalIDString = C1024E652565F94A009620C3;
			remoteInfo = buffa;
		};
		C1024E832565F94D009620C3 /* PBXContainerItemProxy */ = {
			isa = PBXContainerItemProxy;
			containerPortal = C1024E5E2565F94A009620C3 /* Project object */;
			proxyType = 1;
			remoteGlobalIDString = C1024E652565F94A009620C3;
			remoteInfo = buffa;
		};
/* End PBXContainerItemProxy section */

/* Begin PBXFileReference section */
		C1024E662565F94A009620C3 /* buffa.app */ = {isa = PBXFileReference; explicitFileType = wrapper.application; includeInIndex = 0; path = buffa.app; sourceTree = BUILT_PRODUCTS_DIR; };
		C1024E692565F94A009620C3 /* buffaApp.swift */ = {isa = PBXFileReference; lastKnownFileType = sourcecode.swift; path = buffaApp.swift; sourceTree = "<group>"; };
		C1024E6B2565F94A009620C3 /* ContentView.swift */ = {isa = PBXFileReference; lastKnownFileType = sourcecode.swift; path = ContentView.swift; sourceTree = "<group>"; };
		C1024E6D2565F94C009620C3 /* Assets.xcassets */ = {isa = PBXFileReference; lastKnownFileType = folder.assetcatalog; path = Assets.xcassets; sourceTree = "<group>"; };
		C1024E702565F94C009620C3 /* Preview Assets.xcassets */ = {isa = PBXFileReference; lastKnownFileType = folder.assetcatalog; path = "Preview Assets.xcassets"; sourceTree = "<group>"; };
		C1024E722565F94C009620C3 /* Info.plist */ = {isa = PBXFileReference; lastKnownFileType = text.plist.xml; path = Info.plist; sourceTree = "<group>"; };
		C1024E772565F94D009620C3 /* buffaTests.xctest */ = {isa = PBXFileReference; explicitFileType = wrapper.cfbundle; includeInIndex = 0; path = buffaTests.xctest; sourceTree = BUILT_PRODUCTS_DIR; };
		C1024E7B2565F94D009620C3 /* buffaTests.swift */ = {isa = PBXFileReference; lastKnownFileType = sourcecode.swift; path = buffaTests.swift; sourceTree = "<group>"; };
		C1024E7D2565F94D009620C3 /* Info.plist */ = {isa = PBXFileReference; lastKnownFileType = text.plist.xml; path = Info.plist; sourceTree = "<group>"; };
		C1024E822565F94D009620C3 /* buffaUITests.xctest */ = {isa = PBXFileReference; explicitFileType = wrapper.cfbundle; includeInIndex = 0; path = buffaUITests.xctest; sourceTree = BUILT_PRODUCTS_DIR; };
		C1024E862565F94D009620C3 /* buffaUITests.swift */ = {isa = PBXFileReference; lastKnownFileType = sourcecode.swift; path = buffaUITests.swift; sourceTree = "<group>"; };
		C1024E882565F94D009620C3 /* Info.plist */ = {isa = PBXFileReference; lastKnownFileType = text.plist.xml; path = Info.plist; sourceTree = "<group>"; };
		C1024E972565FA98009620C3 /* Login.swift */ = {isa = PBXFileReference; lastKnownFileType = sourcecode.swift; path = Login.swift; sourceTree = "<group>"; };
		C1024EA42565FDA6009620C3 /* Btn.swift */ = {isa = PBXFileReference; lastKnownFileType = sourcecode.swift; path = Btn.swift; sourceTree = "<group>"; };
		C1024EAC256602EB009620C3 /* TextBox.swift */ = {isa = PBXFileReference; lastKnownFileType = sourcecode.swift; path = TextBox.swift; sourceTree = "<group>"; };
		C197FC572567514500738DA2 /* Command.swift */ = {isa = PBXFileReference; lastKnownFileType = sourcecode.swift; path = Command.swift; sourceTree = "<group>"; };
/* End PBXFileReference section */

/* Begin PBXFrameworksBuildPhase section */
		C1024E632565F94A009620C3 /* Frameworks */ = {
			isa = PBXFrameworksBuildPhase;
			buildActionMask = 2147483647;
			files = (
			);
			runOnlyForDeploymentPostprocessing = 0;
		};
		C1024E742565F94D009620C3 /* Frameworks */ = {
			isa = PBXFrameworksBuildPhase;
			buildActionMask = 2147483647;
			files = (
			);
			runOnlyForDeploymentPostprocessing = 0;
		};
		C1024E7F2565F94D009620C3 /* Frameworks */ = {
			isa = PBXFrameworksBuildPhase;
			buildActionMask = 2147483647;
			files = (
			);
			runOnlyForDeploymentPostprocessing = 0;
		};
/* End PBXFrameworksBuildPhase section */

/* Begin PBXGroup section */
		C1024E5D2565F94A009620C3 = {
			isa = PBXGroup;
			children = (
				C1024E682565F94A009620C3 /* buffa */,
				C1024E7A2565F94D009620C3 /* buffaTests */,
				C1024E852565F94D009620C3 /* buffaUITests */,
				C1024E672565F94A009620C3 /* Products */,
			);
			sourceTree = "<group>";
		};
		C1024E672565F94A009620C3 /* Products */ = {
			isa = PBXGroup;
			children = (
				C1024E662565F94A009620C3 /* buffa.app */,
				C1024E772565F94D009620C3 /* buffaTests.xctest */,
				C1024E822565F94D009620C3 /* buffaUITests.xctest */,
			);
			name = Products;
			sourceTree = "<group>";
		};
		C1024E682565F94A009620C3 /* buffa */ = {
			isa = PBXGroup;
			children = (
				C1024EA32565FD71009620C3 /* Components */,
				C1024E9C2565FAB2009620C3 /* User */,
				C1024E692565F94A009620C3 /* buffaApp.swift */,
				C1024E6B2565F94A009620C3 /* ContentView.swift */,
				C1024E6D2565F94C009620C3 /* Assets.xcassets */,
				C1024E722565F94C009620C3 /* Info.plist */,
				C1024E6F2565F94C009620C3 /* Preview Content */,
				C197FC572567514500738DA2 /* Command.swift */,
			);
			path = buffa;
			sourceTree = "<group>";
		};
		C1024E6F2565F94C009620C3 /* Preview Content */ = {
			isa = PBXGroup;
			children = (
				C1024E702565F94C009620C3 /* Preview Assets.xcassets */,
			);
			path = "Preview Content";
			sourceTree = "<group>";
		};
		C1024E7A2565F94D009620C3 /* buffaTests */ = {
			isa = PBXGroup;
			children = (
				C1024E7B2565F94D009620C3 /* buffaTests.swift */,
				C1024E7D2565F94D009620C3 /* Info.plist */,
			);
			path = buffaTests;
			sourceTree = "<group>";
		};
		C1024E852565F94D009620C3 /* buffaUITests */ = {
			isa = PBXGroup;
			children = (
				C1024E862565F94D009620C3 /* buffaUITests.swift */,
				C1024E882565F94D009620C3 /* Info.plist */,
			);
			path = buffaUITests;
			sourceTree = "<group>";
		};
		C1024E9C2565FAB2009620C3 /* User */ = {
			isa = PBXGroup;
			children = (
				C1024E972565FA98009620C3 /* Login.swift */,
			);
			path = User;
			sourceTree = "<group>";
		};
		C1024EA32565FD71009620C3 /* Components */ = {
			isa = PBXGroup;
			children = (
				C1024EA42565FDA6009620C3 /* Btn.swift */,
				C1024EAC256602EB009620C3 /* TextBox.swift */,
			);
			path = Components;
			sourceTree = "<group>";
		};
/* End PBXGroup section */

/* Begin PBXNativeTarget section */
		C1024E652565F94A009620C3 /* buffa */ = {
			isa = PBXNativeTarget;
			buildConfigurationList = C1024E8B2565F94D009620C3 /* Build configuration list for PBXNativeTarget "buffa" */;
			buildPhases = (
				C1024E622565F94A009620C3 /* Sources */,
				C1024E632565F94A009620C3 /* Frameworks */,
				C1024E642565F94A009620C3 /* Resources */,
			);
			buildRules = (
			);
			dependencies = (
			);
			name = buffa;
			productName = buffa;
			productReference = C1024E662565F94A009620C3 /* buffa.app */;
			productType = "com.apple.product-type.application";
		};
		C1024E762565F94D009620C3 /* buffaTests */ = {
			isa = PBXNativeTarget;
			buildConfigurationList = C1024E8E2565F94D009620C3 /* Build configuration list for PBXNativeTarget "buffaTests" */;
			buildPhases = (
				C1024E732565F94D009620C3 /* Sources */,
				C1024E742565F94D009620C3 /* Frameworks */,
				C1024E752565F94D009620C3 /* Resources */,
			);
			buildRules = (
			);
			dependencies = (
				C1024E792565F94D009620C3 /* PBXTargetDependency */,
			);
			name = buffaTests;
			productName = buffaTests;
			productReference = C1024E772565F94D009620C3 /* buffaTests.xctest */;
			productType = "com.apple.product-type.bundle.unit-test";
		};
		C1024E812565F94D009620C3 /* buffaUITests */ = {
			isa = PBXNativeTarget;
			buildConfigurationList = C1024E912565F94D009620C3 /* Build configuration list for PBXNativeTarget "buffaUITests" */;
			buildPhases = (
				C1024E7E2565F94D009620C3 /* Sources */,
				C1024E7F2565F94D009620C3 /* Frameworks */,
				C1024E802565F94D009620C3 /* Resources */,
			);
			buildRules = (
			);
			dependencies = (
				C1024E842565F94D009620C3 /* PBXTargetDependency */,
			);
			name = buffaUITests;
			productName = buffaUITests;
			productReference = C1024E822565F94D009620C3 /* buffaUITests.xctest */;
			productType = "com.apple.product-type.bundle.ui-testing";
		};
/* End PBXNativeTarget section */

/* Begin PBXProject section */
		C1024E5E2565F94A009620C3 /* Project object */ = {
			isa = PBXProject;
			attributes = {
				LastSwiftUpdateCheck = 1210;
				LastUpgradeCheck = 1210;
				TargetAttributes = {
					C1024E652565F94A009620C3 = {
						CreatedOnToolsVersion = 12.1;
					};
					C1024E762565F94D009620C3 = {
						CreatedOnToolsVersion = 12.1;
						TestTargetID = C1024E652565F94A009620C3;
					};
					C1024E812565F94D009620C3 = {
						CreatedOnToolsVersion = 12.1;
						TestTargetID = C1024E652565F94A009620C3;
					};
				};
			};
			buildConfigurationList = C1024E612565F94A009620C3 /* Build configuration list for PBXProject "buffa-ios" */;
			compatibilityVersion = "Xcode 9.3";
			developmentRegion = en;
			hasScannedForEncodings = 0;
			knownRegions = (
				en,
				Base,
			);
			mainGroup = C1024E5D2565F94A009620C3;
			productRefGroup = C1024E672565F94A009620C3 /* Products */;
			projectDirPath = "";
			projectRoot = "";
			targets = (
				C1024E652565F94A009620C3 /* buffa */,
				C1024E762565F94D009620C3 /* buffaTests */,
				C1024E812565F94D009620C3 /* buffaUITests */,
			);
		};
/* End PBXProject section */

/* Begin PBXResourcesBuildPhase section */
		C1024E642565F94A009620C3 /* Resources */ = {
			isa = PBXResourcesBuildPhase;
			buildActionMask = 2147483647;
			files = (
				C1024E712565F94C009620C3 /* Preview Assets.xcassets in Resources */,
				C1024E6E2565F94C009620C3 /* Assets.xcassets in Resources */,
			);
			runOnlyForDeploymentPostprocessing = 0;
		};
		C1024E752565F94D009620C3 /* Resources */ = {
			isa = PBXResourcesBuildPhase;
			buildActionMask = 2147483647;
			files = (
			);
			runOnlyForDeploymentPostprocessing = 0;
		};
		C1024E802565F94D009620C3 /* Resources */ = {
			isa = PBXResourcesBuildPhase;
			buildActionMask = 2147483647;
			files = (
			);
			runOnlyForDeploymentPostprocessing = 0;
		};
/* End PBXResourcesBuildPhase section */

/* Begin PBXSourcesBuildPhase section */
		C1024E622565F94A009620C3 /* Sources */ = {
			isa = PBXSourcesBuildPhase;
			buildActionMask = 2147483647;
			files = (
				C1024EA52565FDA6009620C3 /* Btn.swift in Sources */,
				C1024E6C2565F94A009620C3 /* ContentView.swift in Sources */,
				C1024E6A2565F94A009620C3 /* buffaApp.swift in Sources */,
				C1024EAD256602EB009620C3 /* TextBox.swift in Sources */,
				C1024E982565FA98009620C3 /* Login.swift in Sources */,
				C197FC582567514500738DA2 /* Command.swift in Sources */,
			);
			runOnlyForDeploymentPostprocessing = 0;
		};
		C1024E732565F94D009620C3 /* Sources */ = {
			isa = PBXSourcesBuildPhase;
			buildActionMask = 2147483647;
			files = (
				C1024E7C2565F94D009620C3 /* buffaTests.swift in Sources */,
			);
			runOnlyForDeploymentPostprocessing = 0;
		};
		C1024E7E2565F94D009620C3 /* Sources */ = {
			isa = PBXSourcesBuildPhase;
			buildActionMask = 2147483647;
			files = (
				C1024E872565F94D009620C3 /* buffaUITests.swift in Sources */,
			);
			runOnlyForDeploymentPostprocessing = 0;
		};
/* End PBXSourcesBuildPhase section */

/* Begin PBXTargetDependency section */
		C1024E792565F94D009620C3 /* PBXTargetDependency */ = {
			isa = PBXTargetDependency;
			target = C1024E652565F94A009620C3 /* buffa */;
			targetProxy = C1024E782565F94D009620C3 /* PBXContainerItemProxy */;
		};
		C1024E842565F94D009620C3 /* PBXTargetDependency */ = {
			isa = PBXTargetDependency;
			target = C1024E652565F94A009620C3 /* buffa */;
			targetProxy = C1024E832565F94D009620C3 /* PBXContainerItemProxy */;
		};
/* End PBXTargetDependency section */

/* Begin XCBuildConfiguration section */
		C1024E892565F94D009620C3 /* Debug */ = {
			isa = XCBuildConfiguration;
			buildSettings = {
				ALWAYS_SEARCH_USER_PATHS = NO;
				CLANG_ANALYZER_NONNULL = YES;
				CLANG_ANALYZER_NUMBER_OBJECT_CONVERSION = YES_AGGRESSIVE;
				CLANG_CXX_LANGUAGE_STANDARD = "gnu++14";
				CLANG_CXX_LIBRARY = "libc++";
				CLANG_ENABLE_MODULES = YES;
				CLANG_ENABLE_OBJC_ARC = YES;
				CLANG_ENABLE_OBJC_WEAK = YES;
				CLANG_WARN_BLOCK_CAPTURE_AUTORELEASING = YES;
				CLANG_WARN_BOOL_CONVERSION = YES;
				CLANG_WARN_COMMA = YES;
				CLANG_WARN_CONSTANT_CONVERSION = YES;
				CLANG_WARN_DEPRECATED_OBJC_IMPLEMENTATIONS = YES;
				CLANG_WARN_DIRECT_OBJC_ISA_USAGE = YES_ERROR;
				CLANG_WARN_DOCUMENTATION_COMMENTS = YES;
				CLANG_WARN_EMPTY_BODY = YES;
				CLANG_WARN_ENUM_CONVERSION = YES;
				CLANG_WARN_INFINITE_RECURSION = YES;
				CLANG_WARN_INT_CONVERSION = YES;
				CLANG_WARN_NON_LITERAL_NULL_CONVERSION = YES;
				CLANG_WARN_OBJC_IMPLICIT_RETAIN_SELF = YES;
				CLANG_WARN_OBJC_LITERAL_CONVERSION = YES;
				CLANG_WARN_OBJC_ROOT_CLASS = YES_ERROR;
				CLANG_WARN_QUOTED_INCLUDE_IN_FRAMEWORK_HEADER = YES;
				CLANG_WARN_RANGE_LOOP_ANALYSIS = YES;
				CLANG_WARN_STRICT_PROTOTYPES = YES;
				CLANG_WARN_SUSPICIOUS_MOVE = YES;
				CLANG_WARN_UNGUARDED_AVAILABILITY = YES_AGGRESSIVE;
				CLANG_WARN_UNREACHABLE_CODE = YES;
				CLANG_WARN__DUPLICATE_METHOD_MATCH = YES;
				COPY_PHASE_STRIP = NO;
				DEBUG_INFORMATION_FORMAT = dwarf;
				ENABLE_STRICT_OBJC_MSGSEND = YES;
				ENABLE_TESTABILITY = YES;
				GCC_C_LANGUAGE_STANDARD = gnu11;
				GCC_DYNAMIC_NO_PIC = NO;
				GCC_NO_COMMON_BLOCKS = YES;
				GCC_OPTIMIZATION_LEVEL = 0;
				GCC_PREPROCESSOR_DEFINITIONS = (
					"DEBUG=1",
					"$(inherited)",
				);
				GCC_WARN_64_TO_32_BIT_CONVERSION = YES;
				GCC_WARN_ABOUT_RETURN_TYPE = YES_ERROR;
				GCC_WARN_UNDECLARED_SELECTOR = YES;
				GCC_WARN_UNINITIALIZED_AUTOS = YES_AGGRESSIVE;
				GCC_WARN_UNUSED_FUNCTION = YES;
				GCC_WARN_UNUSED_VARIABLE = YES;
				IPHONEOS_DEPLOYMENT_TARGET = 14.1;
				MTL_ENABLE_DEBUG_INFO = INCLUDE_SOURCE;
				MTL_FAST_MATH = YES;
				ONLY_ACTIVE_ARCH = YES;
				SDKROOT = iphoneos;
				SWIFT_ACTIVE_COMPILATION_CONDITIONS = DEBUG;
				SWIFT_OPTIMIZATION_LEVEL = "-Onone";
			};
			name = Debug;
		};
		C1024E8A2565F94D009620C3 /* Release */ = {
			isa = XCBuildConfiguration;
			buildSettings = {
				ALWAYS_SEARCH_USER_PATHS = NO;
				CLANG_ANALYZER_NONNULL = YES;
				CLANG_ANALYZER_NUMBER_OBJECT_CONVERSION = YES_AGGRESSIVE;
				CLANG_CXX_LANGUAGE_STANDARD = "gnu++14";
				CLANG_CXX_LIBRARY = "libc++";
				CLANG_ENABLE_MODULES = YES;
				CLANG_ENABLE_OBJC_ARC = YES;
				CLANG_ENABLE_OBJC_WEAK = YES;
				CLANG_WARN_BLOCK_CAPTURE_AUTORELEASING = YES;
				CLANG_WARN_BOOL_CONVERSION = YES;
				CLANG_WARN_COMMA = YES;
				CLANG_WARN_CONSTANT_CONVERSION = YES;
				CLANG_WARN_DEPRECATED_OBJC_IMPLEMENTATIONS = YES;
				CLANG_WARN_DIRECT_OBJC_ISA_USAGE = YES_ERROR;
				CLANG_WARN_DOCUMENTATION_COMMENTS = YES;
				CLANG_WARN_EMPTY_BODY = YES;
				CLANG_WARN_ENUM_CONVERSION = YES;
				CLANG_WARN_INFINITE_RECURSION = YES;
				CLANG_WARN_INT_CONVERSION = YES;
				CLANG_WARN_NON_LITERAL_NULL_CONVERSION = YES;
				CLANG_WARN_OBJC_IMPLICIT_RETAIN_SELF = YES;
				CLANG_WARN_OBJC_LITERAL_CONVERSION = YES;
				CLANG_WARN_OBJC_ROOT_CLASS = YES_ERROR;
				CLANG_WARN_QUOTED_INCLUDE_IN_FRAMEWORK_HEADER = YES;
				CLANG_WARN_RANGE_LOOP_ANALYSIS = YES;
				CLANG_WARN_STRICT_PROTOTYPES = YES;
				CLANG_WARN_SUSPICIOUS_MOVE = YES;
				CLANG_WARN_UNGUARDED_AVAILABILITY = YES_AGGRESSIVE;
				CLANG_WARN_UNREACHABLE_CODE = YES;
				CLANG_WARN__DUPLICATE_METHOD_MATCH = YES;
				COPY_PHASE_STRIP = NO;
				DEBUG_INFORMATION_FORMAT = "dwarf-with-dsym";
				ENABLE_NS_ASSERTIONS = NO;
				ENABLE_STRICT_OBJC_MSGSEND = YES;
				GCC_C_LANGUAGE_STANDARD = gnu11;
				GCC_NO_COMMON_BLOCKS = YES;
				GCC_WARN_64_TO_32_BIT_CONVERSION = YES;
				GCC_WARN_ABOUT_RETURN_TYPE = YES_ERROR;
				GCC_WARN_UNDECLARED_SELECTOR = YES;
				GCC_WARN_UNINITIALIZED_AUTOS = YES_AGGRESSIVE;
				GCC_WARN_UNUSED_FUNCTION = YES;
				GCC_WARN_UNUSED_VARIABLE = YES;
				IPHONEOS_DEPLOYMENT_TARGET = 14.1;
				MTL_ENABLE_DEBUG_INFO = NO;
				MTL_FAST_MATH = YES;
				SDKROOT = iphoneos;
				SWIFT_COMPILATION_MODE = wholemodule;
				SWIFT_OPTIMIZATION_LEVEL = "-O";
				VALIDATE_PRODUCT = YES;
			};
			name = Release;
		};
		C1024E8C2565F94D009620C3 /* Debug */ = {
			isa = XCBuildConfiguration;
			buildSettings = {
				ASSETCATALOG_COMPILER_APPICON_NAME = AppIcon;
				ASSETCATALOG_COMPILER_GLOBAL_ACCENT_COLOR_NAME = AccentColor;
				CODE_SIGN_STYLE = Automatic;
				DEVELOPMENT_ASSET_PATHS = "\"buffa/Preview Content\"";
				DEVELOPMENT_TEAM = 7RJA7BCU75;
				ENABLE_PREVIEWS = YES;
				INFOPLIST_FILE = buffa/Info.plist;
				IPHONEOS_DEPLOYMENT_TARGET = 14.0;
				LD_RUNPATH_SEARCH_PATHS = (
					"$(inherited)",
					"@executable_path/Frameworks",
				);
				PRODUCT_BUNDLE_IDENTIFIER = zzacal.buffa;
				PRODUCT_NAME = "$(TARGET_NAME)";
				SWIFT_VERSION = 5.0;
				TARGETED_DEVICE_FAMILY = "1,2";
			};
			name = Debug;
		};
		C1024E8D2565F94D009620C3 /* Release */ = {
			isa = XCBuildConfiguration;
			buildSettings = {
				ASSETCATALOG_COMPILER_APPICON_NAME = AppIcon;
				ASSETCATALOG_COMPILER_GLOBAL_ACCENT_COLOR_NAME = AccentColor;
				CODE_SIGN_STYLE = Automatic;
				DEVELOPMENT_ASSET_PATHS = "\"buffa/Preview Content\"";
				DEVELOPMENT_TEAM = 7RJA7BCU75;
				ENABLE_PREVIEWS = YES;
				INFOPLIST_FILE = buffa/Info.plist;
				IPHONEOS_DEPLOYMENT_TARGET = 14.0;
				LD_RUNPATH_SEARCH_PATHS = (
					"$(inherited)",
					"@executable_path/Frameworks",
				);
				PRODUCT_BUNDLE_IDENTIFIER = zzacal.buffa;
				PRODUCT_NAME = "$(TARGET_NAME)";
				SWIFT_VERSION = 5.0;
				TARGETED_DEVICE_FAMILY = "1,2";
			};
			name = Release;
		};
		C1024E8F2565F94D009620C3 /* Debug */ = {
			isa = XCBuildConfiguration;
			buildSettings = {
				ALWAYS_EMBED_SWIFT_STANDARD_LIBRARIES = YES;
				BUNDLE_LOADER = "$(TEST_HOST)";
				CODE_SIGN_STYLE = Automatic;
				DEVELOPMENT_TEAM = 7RJA7BCU75;
				INFOPLIST_FILE = buffaTests/Info.plist;
				IPHONEOS_DEPLOYMENT_TARGET = 14.0;
				LD_RUNPATH_SEARCH_PATHS = (
					"$(inherited)",
					"@executable_path/Frameworks",
					"@loader_path/Frameworks",
				);
				PRODUCT_BUNDLE_IDENTIFIER = zzacal.buffaTests;
				PRODUCT_NAME = "$(TARGET_NAME)";
				SWIFT_VERSION = 5.0;
				TARGETED_DEVICE_FAMILY = "1,2";
				TEST_HOST = "$(BUILT_PRODUCTS_DIR)/buffa.app/buffa";
			};
			name = Debug;
		};
		C1024E902565F94D009620C3 /* Release */ = {
			isa = XCBuildConfiguration;
			buildSettings = {
				ALWAYS_EMBED_SWIFT_STANDARD_LIBRARIES = YES;
				BUNDLE_LOADER = "$(TEST_HOST)";
				CODE_SIGN_STYLE = Automatic;
				DEVELOPMENT_TEAM = 7RJA7BCU75;
				INFOPLIST_FILE = buffaTests/Info.plist;
				IPHONEOS_DEPLOYMENT_TARGET = 14.0;
				LD_RUNPATH_SEARCH_PATHS = (
					"$(inherited)",
					"@executable_path/Frameworks",
					"@loader_path/Frameworks",
				);
				PRODUCT_BUNDLE_IDENTIFIER = zzacal.buffaTests;
				PRODUCT_NAME = "$(TARGET_NAME)";
				SWIFT_VERSION = 5.0;
				TARGETED_DEVICE_FAMILY = "1,2";
				TEST_HOST = "$(BUILT_PRODUCTS_DIR)/buffa.app/buffa";
			};
			name = Release;
		};
		C1024E922565F94D009620C3 /* Debug */ = {
			isa = XCBuildConfiguration;
			buildSettings = {
				ALWAYS_EMBED_SWIFT_STANDARD_LIBRARIES = YES;
				CODE_SIGN_STYLE = Automatic;
				DEVELOPMENT_TEAM = 7RJA7BCU75;
				INFOPLIST_FILE = buffaUITests/Info.plist;
				LD_RUNPATH_SEARCH_PATHS = (
					"$(inherited)",
					"@executable_path/Frameworks",
					"@loader_path/Frameworks",
				);
				PRODUCT_BUNDLE_IDENTIFIER = zzacal.buffaUITests;
				PRODUCT_NAME = "$(TARGET_NAME)";
				SWIFT_VERSION = 5.0;
				TARGETED_DEVICE_FAMILY = "1,2";
				TEST_TARGET_NAME = buffa;
			};
			name = Debug;
		};
		C1024E932565F94D009620C3 /* Release */ = {
			isa = XCBuildConfiguration;
			buildSettings = {
				ALWAYS_EMBED_SWIFT_STANDARD_LIBRARIES = YES;
				CODE_SIGN_STYLE = Automatic;
				DEVELOPMENT_TEAM = 7RJA7BCU75;
				INFOPLIST_FILE = buffaUITests/Info.plist;
				LD_RUNPATH_SEARCH_PATHS = (
					"$(inherited)",
					"@executable_path/Frameworks",
					"@loader_path/Frameworks",
				);
				PRODUCT_BUNDLE_IDENTIFIER = zzacal.buffaUITests;
				PRODUCT_NAME = "$(TARGET_NAME)";
				SWIFT_VERSION = 5.0;
				TARGETED_DEVICE_FAMILY = "1,2";
				TEST_TARGET_NAME = buffa;
			};
			name = Release;
		};
/* End XCBuildConfiguration section */

/* Begin XCConfigurationList section */
		C1024E612565F94A009620C3 /* Build configuration list for PBXProject "buffa-ios" */ = {
			isa = XCConfigurationList;
			buildConfigurations = (
				C1024E892565F94D009620C3 /* Debug */,
				C1024E8A2565F94D009620C3 /* Release */,
			);
			defaultConfigurationIsVisible = 0;
			defaultConfigurationName = Release;
		};
		C1024E8B2565F94D009620C3 /* Build configuration list for PBXNativeTarget "buffa" */ = {
			isa = XCConfigurationList;
			buildConfigurations = (
				C1024E8C2565F94D009620C3 /* Debug */,
				C1024E8D2565F94D009620C3 /* Release */,
			);
			defaultConfigurationIsVisible = 0;
			defaultConfigurationName = Release;
		};
		C1024E8E2565F94D009620C3 /* Build configuration list for PBXNativeTarget "buffaTests" */ = {
			isa = XCConfigurationList;
			buildConfigurations = (
				C1024E8F2565F94D009620C3 /* Debug */,
				C1024E902565F94D009620C3 /* Release */,
			);
			defaultConfigurationIsVisible = 0;
			defaultConfigurationName = Release;
		};
		C1024E912565F94D009620C3 /* Build configuration list for PBXNativeTarget "buffaUITests" */ = {
			isa = XCConfigurationList;
			buildConfigurations = (
				C1024E922565F94D009620C3 /* Debug */,
				C1024E932565F94D009620C3 /* Release */,
			);
			defaultConfigurationIsVisible = 0;
			defaultConfigurationName = Release;
		};
/* End XCConfigurationList section */
	};
	rootObject = C1024E5E2565F94A009620C3 /* Project object */;
}
